{
  "name": "gpx-stabilizer",
  "version": "0.0.1",
  "lockfileVersion": 1,
  "requires": true,
  "dependencies": {
    "data2xml": {
      "version": "0.9.0",
      "resolved": "https://registry.npmjs.org/data2xml/-/data2xml-0.9.0.tgz",
      "integrity": "sha1-7RoqM1lTk2pMQOqVhCIwAEQ0vgA="
    },
    "gps-util": {
      "version": "1.0.1",
      "resolved": "https://registry.npmjs.org/gps-util/-/gps-util-1.0.1.tgz",
      "integrity": "sha1-h70vSBoSCCMePnaUna7pV0txfVA=",
      "requires": {
        "data2xml": "0.9.0",
        "shelly": "0.0.3",
        "xml2js": "0.4.0"
      }
    },
    "sax": {
      "version": "0.5.8",
      "resolved": "http://registry.npmjs.org/sax/-/sax-0.5.8.tgz",
      "integrity": "sha1-1HLbIo6zMcJQaw6MFVJK25OdEsE="
    },
    "shellwords": {
      "version": "0.1.0",
      "resolved": "https://registry.npmjs.org/shellwords/-/shellwords-0.1.0.tgz",
      "integrity": "sha1-Zq/Ue2oSky2Qccv9mKUueFzQuhQ="
    },
    "shelly": {
      "version": "0.0.3",
      "resolved": "https://registry.npmjs.org/shelly/-/shelly-0.0.3.tgz",
      "integrity": "sha1-ax0UouK7A4JHWpzjHJHU8xQ9+qI=",
      "requires": {
        "shellwords": "0.1.0"
      }
    },
    "xml2js": {
      "version": "0.4.0",
      "resolved": "https://registry.npmjs.org/xml2js/-/xml2js-0.4.0.tgz",
      "integrity": "sha1-Ek/EEUtBKcgQgA7LKshs8lRiy5o=",
      "requires": {
        "sax": "0.5.x",
        "xmlbuilder": ">=0.4.2"
      }
    },
    "xmlbuilder": {
      "version": "10.1.1",
      "resolved": "https://registry.npmjs.org/xmlbuilder/-/xmlbuilder-10.1.1.tgz",
      "integrity": "sha512-OyzrcFLL/nb6fMGHbiRDuPup9ljBycsdCypwuyg5AAHvyWzGfChJpCXMG88AGTIMFhGZ9RccFN1e6lhg3hkwKg=="
    }
  }
}
